
Microsoft Visual Studio Solution File, Format Version 12.00
# Visual Studio Version 16
VisualStudioVersion = 16.0.33529.622
MinimumVisualStudioVersion = 10.0.40219.1
Project("{FAE04EC0-301F-11D3-BF4B-00C04F79EFBC}") = "WizLib", "WizLib\WizLib.csproj", "{A1D7B4FF-B01E-4B2C-9944-2AF6644FB096}"
EndProject
Project("{FAE04EC0-301F-11D3-BF4B-00C04F79EFBC}") = "WizLib_DataAccess", "WizLib_DataAccess\WizLib_DataAccess.csproj", "{9CCFAFE3-1B81-4F67-83B8-5CBC2F56FED5}"
EndProject
Project("{FAE04EC0-301F-11D3-BF4B-00C04F79EFBC}") = "WizLib_Model", "WizLib_Model\WizLib_Model.csproj", "{770B8E4B-C473-4AE7-A7EC-248E6C3B0A45}"
EndProject
Global
	GlobalSection(SolutionConfigurationPlatforms) = preSolution
		Debug|Any CPU = Debug|Any CPU
		Release|Any CPU = Release|Any CPU
	EndGlobalSection
	GlobalSection(ProjectConfigurationPlatforms) = postSolution
		{A1D7B4FF-B01E-4B2C-9944-2AF6644FB096}.Debug|Any CPU.ActiveCfg = Debug|Any CPU
		{A1D7B4FF-B01E-4B2C-9944-2AF6644FB096}.Debug|Any CPU.Build.0 = Debug|Any CPU
		{A1D7B4FF-B01E-4B2C-9944-2AF6644FB096}.Release|Any CPU.ActiveCfg = Release|Any CPU
		{A1D7B4FF-B01E-4B2C-9944-2AF6644FB096}.Release|Any CPU.Build.0 = Release|Any CPU
		{9CCFAFE3-1B81-4F67-83B8-5CBC2F56FED5}.Debug|Any CPU.ActiveCfg = Debug|Any CPU
		{9CCFAFE3-1B81-4F67-83B8-5CBC2F56FED5}.Debug|Any CPU.Build.0 = Debug|Any CPU
		{9CCFAFE3-1B81-4F67-83B8-5CBC2F56FED5}.Release|Any CPU.ActiveCfg = Release|Any CPU
		{9CCFAFE3-1B81-4F67-83B8-5CBC2F56FED5}.Release|Any CPU.Build.0 = Release|Any CPU
		{770B8E4B-C473-4AE7-A7EC-248E6C3B0A45}.Debug|Any CPU.ActiveCfg = Debug|Any CPU
		{770B8E4B-C473-4AE7-A7EC-248E6C3B0A45}.Debug|Any CPU.Build.0 = Debug|Any CPU
		{770B8E4B-C473-4AE7-A7EC-248E6C3B0A45}.Release|Any CPU.ActiveCfg = Release|Any CPU
		{770B8E4B-C473-4AE7-A7EC-248E6C3B0A45}.Release|Any CPU.Build.0 = Release|Any CPU
	EndGlobalSection
	GlobalSection(SolutionProperties) = preSolution
		HideSolutionNode = FALSE
	EndGlobalSection
	GlobalSection(ExtensibilityGlobals) = postSolution
		SolutionGuid = {EA7AC5D1-52E8-4F40-B07D-2394C871370D}
	EndGlobalSection
EndGlobal
